
Microsoft Visual Studio Solution File, Format Version 12.00
# Visual Studio Version 17
VisualStudioVersion = 17.5.33516.290
MinimumVisualStudioVersion = 10.0.40219.1
Project("{9A19103F-16F7-4668-BE54-9A1E7A4F7556}") = "EShop.IdentityService", "EShop.Services\EShop.IdentityService.csproj", "{AC0E0D86-9923-4E6F-BFD3-19D7423A4532}"
EndProject
Project("{9A19103F-16F7-4668-BE54-9A1E7A4F7556}") = "EShop.Api", "EShop.Api\EShop.Api.csproj", "{372424AE-B78F-445B-B24D-6DAA5A3017C0}"
EndProject
Project("{9A19103F-16F7-4668-BE54-9A1E7A4F7556}") = "EShop.Auth", "EShop.Auth\EShop.Auth.csproj", "{CA4F91F4-6C2B-4EFE-9767-24C0D1853257}"
EndProject
Project("{2150E333-8FDC-42A3-9474-1A3956D46DE8}") = "Solution Items", "Solution Items", "{36F92048-FA2C-4EF2-AC3E-4C24C5D5BD63}"
EndProject
Project("{9A19103F-16F7-4668-BE54-9A1E7A4F7556}") = "EShop.DataContext", "EShop.Data\EShop.DataContext.csproj", "{A11B53AD-498A-4AB6-9C63-1B9A4FE80746}"
EndProject
Project("{9A19103F-16F7-4668-BE54-9A1E7A4F7556}") = "EShop.Model", "EShop.Model\EShop.Model.csproj", "{65F51296-8267-45E1-81FB-DD8090C6A41C}"
EndProject
Project("{9A19103F-16F7-4668-BE54-9A1E7A4F7556}") = "EShop.Infrastructure", "EShop.Infrastructure\EShop.Infrastructure.csproj", "{241FFA32-1871-4BB4-9FF6-14D44A7C3016}"
EndProject
Project("{9A19103F-16F7-4668-BE54-9A1E7A4F7556}") = "EShop.Repository", "EShop.Service\EShop.Repository.csproj", "{706204B9-7E25-485F-BA4A-D4376CC7F719}"
EndProject
Project("{9A19103F-16F7-4668-BE54-9A1E7A4F7556}") = "EShop.ViewModel", "EShop.ViewModel\EShop.ViewModel.csproj", "{AA19574B-F0FC-4527-99F8-17BCCDD86D43}"
EndProject
Project("{9A19103F-16F7-4668-BE54-9A1E7A4F7556}") = "EShop.AutoMapper", "EShop.AutoMapper\EShop.AutoMapper.csproj", "{2AAE579C-A9E1-4EC1-9161-64BDD51F7C44}"
EndProject
Project("{9A19103F-16F7-4668-BE54-9A1E7A4F7556}") = "EShop.Resource", "EShop.Resource\EShop.Resource.csproj", "{6E2C6422-3195-4063-8D6A-D8BB4DF524E1}"
EndProject
Project("{9A19103F-16F7-4668-BE54-9A1E7A4F7556}") = "EShop.AdminPanel", "EShop.AdminPanel\EShop.AdminPanel.csproj", "{2CD7A1A7-5E90-4DA3-A2C1-3190BA8A40AB}"
EndProject
Project("{9A19103F-16F7-4668-BE54-9A1E7A4F7556}") = "EShop.LogService", "EShop.Log\EShop.LogService.csproj", "{1ABD9725-691C-4BCD-A735-1B13ED99F333}"
EndProject
Project("{FAE04EC0-301F-11D3-BF4B-00C04F79EFBC}") = "EShop.Utilities", "EShop.Utilities\EShop.Utilities.csproj", "{DC3F9970-3C21-4E58-8C6D-85620E9EEA06}"
EndProject
Global
	GlobalSection(SolutionConfigurationPlatforms) = preSolution
		Debug|Any CPU = Debug|Any CPU
		Release|Any CPU = Release|Any CPU
	EndGlobalSection
	GlobalSection(ProjectConfigurationPlatforms) = postSolution
		{AC0E0D86-9923-4E6F-BFD3-19D7423A4532}.Debug|Any CPU.ActiveCfg = Debug|Any CPU
		{AC0E0D86-9923-4E6F-BFD3-19D7423A4532}.Debug|Any CPU.Build.0 = Debug|Any CPU
		{AC0E0D86-9923-4E6F-BFD3-19D7423A4532}.Release|Any CPU.ActiveCfg = Release|Any CPU
		{AC0E0D86-9923-4E6F-BFD3-19D7423A4532}.Release|Any CPU.Build.0 = Release|Any CPU
		{372424AE-B78F-445B-B24D-6DAA5A3017C0}.Debug|Any CPU.ActiveCfg = Debug|Any CPU
		{372424AE-B78F-445B-B24D-6DAA5A3017C0}.Debug|Any CPU.Build.0 = Debug|Any CPU
		{372424AE-B78F-445B-B24D-6DAA5A3017C0}.Release|Any CPU.ActiveCfg = Release|Any CPU
		{372424AE-B78F-445B-B24D-6DAA5A3017C0}.Release|Any CPU.Build.0 = Release|Any CPU
		{CA4F91F4-6C2B-4EFE-9767-24C0D1853257}.Debug|Any CPU.ActiveCfg = Debug|Any CPU
		{CA4F91F4-6C2B-4EFE-9767-24C0D1853257}.Debug|Any CPU.Build.0 = Debug|Any CPU
		{CA4F91F4-6C2B-4EFE-9767-24C0D1853257}.Release|Any CPU.ActiveCfg = Release|Any CPU
		{CA4F91F4-6C2B-4EFE-9767-24C0D1853257}.Release|Any CPU.Build.0 = Release|Any CPU
		{A11B53AD-498A-4AB6-9C63-1B9A4FE80746}.Debug|Any CPU.ActiveCfg = Debug|Any CPU
		{A11B53AD-498A-4AB6-9C63-1B9A4FE80746}.Debug|Any CPU.Build.0 = Debug|Any CPU
		{A11B53AD-498A-4AB6-9C63-1B9A4FE80746}.Release|Any CPU.ActiveCfg = Release|Any CPU
		{A11B53AD-498A-4AB6-9C63-1B9A4FE80746}.Release|Any CPU.Build.0 = Release|Any CPU
		{65F51296-8267-45E1-81FB-DD8090C6A41C}.Debug|Any CPU.ActiveCfg = Debug|Any CPU
		{65F51296-8267-45E1-81FB-DD8090C6A41C}.Debug|Any CPU.Build.0 = Debug|Any CPU
		{65F51296-8267-45E1-81FB-DD8090C6A41C}.Release|Any CPU.ActiveCfg = Release|Any CPU
		{65F51296-8267-45E1-81FB-DD8090C6A41C}.Release|Any CPU.Build.0 = Release|Any CPU
		{241FFA32-1871-4BB4-9FF6-14D44A7C3016}.Debug|Any CPU.ActiveCfg = Debug|Any CPU
		{241FFA32-1871-4BB4-9FF6-14D44A7C3016}.Debug|Any CPU.Build.0 = Debug|Any CPU
		{241FFA32-1871-4BB4-9FF6-14D44A7C3016}.Release|Any CPU.ActiveCfg = Release|Any CPU
		{241FFA32-1871-4BB4-9FF6-14D44A7C3016}.Release|Any CPU.Build.0 = Release|Any CPU
		{706204B9-7E25-485F-BA4A-D4376CC7F719}.Debug|Any CPU.ActiveCfg = Debug|Any CPU
		{706204B9-7E25-485F-BA4A-D4376CC7F719}.Debug|Any CPU.Build.0 = Debug|Any CPU
		{706204B9-7E25-485F-BA4A-D4376CC7F719}.Release|Any CPU.ActiveCfg = Release|Any CPU
		{706204B9-7E25-485F-BA4A-D4376CC7F719}.Release|Any CPU.Build.0 = Release|Any CPU
		{AA19574B-F0FC-4527-99F8-17BCCDD86D43}.Debug|Any CPU.ActiveCfg = Debug|Any CPU
		{AA19574B-F0FC-4527-99F8-17BCCDD86D43}.Debug|Any CPU.Build.0 = Debug|Any CPU
		{AA19574B-F0FC-4527-99F8-17BCCDD86D43}.Release|Any CPU.ActiveCfg = Release|Any CPU
		{AA19574B-F0FC-4527-99F8-17BCCDD86D43}.Release|Any CPU.Build.0 = Release|Any CPU
		{2AAE579C-A9E1-4EC1-9161-64BDD51F7C44}.Debug|Any CPU.ActiveCfg = Debug|Any CPU
		{2AAE579C-A9E1-4EC1-9161-64BDD51F7C44}.Debug|Any CPU.Build.0 = Debug|Any CPU
		{2AAE579C-A9E1-4EC1-9161-64BDD51F7C44}.Release|Any CPU.ActiveCfg = Release|Any CPU
		{2AAE579C-A9E1-4EC1-9161-64BDD51F7C44}.Release|Any CPU.Build.0 = Release|Any CPU
		{6E2C6422-3195-4063-8D6A-D8BB4DF524E1}.Debug|Any CPU.ActiveCfg = Debug|Any CPU
		{6E2C6422-3195-4063-8D6A-D8BB4DF524E1}.Debug|Any CPU.Build.0 = Debug|Any CPU
		{6E2C6422-3195-4063-8D6A-D8BB4DF524E1}.Release|Any CPU.ActiveCfg = Release|Any CPU
		{6E2C6422-3195-4063-8D6A-D8BB4DF524E1}.Release|Any CPU.Build.0 = Release|Any CPU
		{2CD7A1A7-5E90-4DA3-A2C1-3190BA8A40AB}.Debug|Any CPU.ActiveCfg = Debug|Any CPU
		{2CD7A1A7-5E90-4DA3-A2C1-3190BA8A40AB}.Debug|Any CPU.Build.0 = Debug|Any CPU
		{2CD7A1A7-5E90-4DA3-A2C1-3190BA8A40AB}.Release|Any CPU.ActiveCfg = Release|Any CPU
		{2CD7A1A7-5E90-4DA3-A2C1-3190BA8A40AB}.Release|Any CPU.Build.0 = Release|Any CPU
		{1ABD9725-691C-4BCD-A735-1B13ED99F333}.Debug|Any CPU.ActiveCfg = Debug|Any CPU
		{1ABD9725-691C-4BCD-A735-1B13ED99F333}.Debug|Any CPU.Build.0 = Debug|Any CPU
		{1ABD9725-691C-4BCD-A735-1B13ED99F333}.Release|Any CPU.ActiveCfg = Release|Any CPU
		{1ABD9725-691C-4BCD-A735-1B13ED99F333}.Release|Any CPU.Build.0 = Release|Any CPU
		{DC3F9970-3C21-4E58-8C6D-85620E9EEA06}.Debug|Any CPU.ActiveCfg = Debug|Any CPU
		{DC3F9970-3C21-4E58-8C6D-85620E9EEA06}.Debug|Any CPU.Build.0 = Debug|Any CPU
		{DC3F9970-3C21-4E58-8C6D-85620E9EEA06}.Release|Any CPU.ActiveCfg = Release|Any CPU
		{DC3F9970-3C21-4E58-8C6D-85620E9EEA06}.Release|Any CPU.Build.0 = Release|Any CPU
	EndGlobalSection
	GlobalSection(SolutionProperties) = preSolution
		HideSolutionNode = FALSE
	EndGlobalSection
	GlobalSection(ExtensibilityGlobals) = postSolution
		SolutionGuid = {5FCD3FFD-0CD5-4358-97CF-FBBB140DFC61}
	EndGlobalSection
EndGlobal
